
Microsoft Visual Studio Solution File, Format Version 12.00
# Visual Studio 15
VisualStudioVersion = 15.0.27130.2024
MinimumVisualStudioVersion = 10.0.40219.1
Project("{FAE04EC0-301F-11D3-BF4B-00C04F79EFBC}") = "WebUI", "WebUI\WebUI.csproj", "{C31C088C-9113-4C54-987B-2F5710469A42}"
EndProject
Project("{FAE04EC0-301F-11D3-BF4B-00C04F79EFBC}") = "Domain", "Domain\Domain.csproj", "{061DEAEC-26D4-4704-80D8-35C8F6C9AFFD}"
EndProject
Project("{FAE04EC0-301F-11D3-BF4B-00C04F79EFBC}") = "UnitTests", "UnitTests\UnitTests.csproj", "{5EEA5737-A245-4526-AADB-BBAA880344FC}"
EndProject
Global
	GlobalSection(SolutionConfigurationPlatforms) = preSolution
		Debug|Any CPU = Debug|Any CPU
		Release|Any CPU = Release|Any CPU
	EndGlobalSection
	GlobalSection(ProjectConfigurationPlatforms) = postSolution
		{C31C088C-9113-4C54-987B-2F5710469A42}.Debug|Any CPU.ActiveCfg = Debug|Any CPU
		{C31C088C-9113-4C54-987B-2F5710469A42}.Debug|Any CPU.Build.0 = Debug|Any CPU
		{C31C088C-9113-4C54-987B-2F5710469A42}.Release|Any CPU.ActiveCfg = Release|Any CPU
		{C31C088C-9113-4C54-987B-2F5710469A42}.Release|Any CPU.Build.0 = Release|Any CPU
		{061DEAEC-26D4-4704-80D8-35C8F6C9AFFD}.Debug|Any CPU.ActiveCfg = Debug|Any CPU
		{061DEAEC-26D4-4704-80D8-35C8F6C9AFFD}.Debug|Any CPU.Build.0 = Debug|Any CPU
		{061DEAEC-26D4-4704-80D8-35C8F6C9AFFD}.Release|Any CPU.ActiveCfg = Release|Any CPU
		{061DEAEC-26D4-4704-80D8-35C8F6C9AFFD}.Release|Any CPU.Build.0 = Release|Any CPU
		{5EEA5737-A245-4526-AADB-BBAA880344FC}.Debug|Any CPU.ActiveCfg = Debug|Any CPU
		{5EEA5737-A245-4526-AADB-BBAA880344FC}.Debug|Any CPU.Build.0 = Debug|Any CPU
		{5EEA5737-A245-4526-AADB-BBAA880344FC}.Release|Any CPU.ActiveCfg = Release|Any CPU
		{5EEA5737-A245-4526-AADB-BBAA880344FC}.Release|Any CPU.Build.0 = Release|Any CPU
	EndGlobalSection
	GlobalSection(SolutionProperties) = preSolution
		HideSolutionNode = FALSE
	EndGlobalSection
	GlobalSection(ExtensibilityGlobals) = postSolution
		SolutionGuid = {EA40D287-39E4-4EA5-9C55-CFBDA2066613}
	EndGlobalSection
EndGlobal
